Microsoft Visual Studio Solution File, Format Version 12.00
# Visual Studio Version 18
VisualStudioVersion = 18.1.11312.151 d18.0
MinimumVisualStudioVersion = 10.0.40219.1
Project("{FAE04EC0-301F-11D3-BF4B-00C04F79EFBC}") = "SubStringSpan", "SubStringSpan\SubStringSpan.csproj", "{AB3FFCDE-7160-43CD-BEC8-5DEC82B9141E}"
EndProject
Project("{FAE04EC0-301F-11D3-BF4B-00C04F79EFBC}") = "OptionsConfig", "OptionsConfig\OptionsConfig.csproj", "{760DF8C2-75D5-4E56-94B3-B4C79602F41D}"
EndProject
Project("{FAE04EC0-301F-11D3-BF4B-00C04F79EFBC}") = "BackgroundServer", "BackgroundServer\BackgroundServer.csproj", "{55B5A734-00F2-4F81-959C-C936F58233B1}"
EndProject
Project("{FAE04EC0-301F-11D3-BF4B-00C04F79EFBC}") = "WorkflowCore.App", "WorkflowCore\WorkflowCore.App.csproj", "{52FA3BA8-B566-4777-AD2B-4CFF96094EC3}"
EndProject
Project("{FAE04EC0-301F-11D3-BF4B-00C04F79EFBC}") = "VerticalSliceFastEndpoints", "VerticalSliceFastEndpoints\VerticalSliceFastEndpoints.csproj", "{B5CA568A-37B7-4AF8-A524-984C241BE865}"
EndProject
Project("{FAE04EC0-301F-11D3-BF4B-00C04F79EFBC}") = "HTTPolly", "HTTPolly\HTTPolly.csproj", "{E1462CC6-ABF0-420B-9AFB-42406E78D646}"
EndProject
Project("{FAE04EC0-301F-11D3-BF4B-00C04F79EFBC}") = "FlurlDemo.App", "Flurl\FlurlDemo.App.csproj", "{04F93AD1-3132-4D87-98BD-287FBA8EDF43}"
EndProject
Project("{FAE04EC0-301F-11D3-BF4B-00C04F79EFBC}") = "TddContainers", "TddContainers\TddContainers.csproj", "{0D893F87-A75C-41A0-89E9-3EBA094524A4}"
EndProject
Project("{FAE04EC0-301F-11D3-BF4B-00C04F79EFBC}") = "DynamicDapper", "DynamicDapper\DynamicDapper.csproj", "{FC32D2EC-3E51-4AE2-A549-EA0464F6FD20}"
EndProject
Project("{FAE04EC0-301F-11D3-BF4B-00C04F79EFBC}") = "ContextPool", "ContextPool\ContextPool.csproj", "{773E744E-847F-4CE0-A467-88C05C556746}"
EndProject
Project("{FAE04EC0-301F-11D3-BF4B-00C04F79EFBC}") = "SourceGeneratedLogging", "SourceGeneratedLogging\SourceGeneratedLogging.csproj", "{4D1B0C32-33CB-49FB-8260-E77C10AA56A8}"
EndProject
Project("{2150E333-8FDC-42A3-9474-1A3956D46DE8}") = "Solution Items", "Solution Items", "{059AD3EF-1932-43DF-A5DA-535B30B1385F}"
	ProjectSection(SolutionItems) = preProject
		README.md = README.md
	EndProjectSection
EndProject
Global
	GlobalSection(SolutionConfigurationPlatforms) = preSolution
		Debug|Any CPU = Debug|Any CPU
		Debug|x64 = Debug|x64
		Debug|x86 = Debug|x86
		Release|Any CPU = Release|Any CPU
		Release|x64 = Release|x64
		Release|x86 = Release|x86
	EndGlobalSection
	GlobalSection(ProjectConfigurationPlatforms) = postSolution
		{AB3FFCDE-7160-43CD-BEC8-5DEC82B9141E}.Debug|Any CPU.ActiveCfg = Debug|Any CPU
		{AB3FFCDE-7160-43CD-BEC8-5DEC82B9141E}.Debug|Any CPU.Build.0 = Debug|Any CPU
		{AB3FFCDE-7160-43CD-BEC8-5DEC82B9141E}.Debug|x64.ActiveCfg = Debug|Any CPU
		{AB3FFCDE-7160-43CD-BEC8-5DEC82B9141E}.Debug|x64.Build.0 = Debug|Any CPU
		{AB3FFCDE-7160-43CD-BEC8-5DEC82B9141E}.Debug|x86.ActiveCfg = Debug|Any CPU
		{AB3FFCDE-7160-43CD-BEC8-5DEC82B9141E}.Debug|x86.Build.0 = Debug|Any CPU
		{AB3FFCDE-7160-43CD-BEC8-5DEC82B9141E}.Release|Any CPU.ActiveCfg = Release|Any CPU
		{AB3FFCDE-7160-43CD-BEC8-5DEC82B9141E}.Release|Any CPU.Build.0 = Release|Any CPU
		{AB3FFCDE-7160-43CD-BEC8-5DEC82B9141E}.Release|x64.ActiveCfg = Release|Any CPU
		{AB3FFCDE-7160-43CD-BEC8-5DEC82B9141E}.Release|x64.Build.0 = Release|Any CPU
		{AB3FFCDE-7160-43CD-BEC8-5DEC82B9141E}.Release|x86.ActiveCfg = Release|Any CPU
		{AB3FFCDE-7160-43CD-BEC8-5DEC82B9141E}.Release|x86.Build.0 = Release|Any CPU
		{760DF8C2-75D5-4E56-94B3-B4C79602F41D}.Debug|Any CPU.ActiveCfg = Debug|Any CPU
		{760DF8C2-75D5-4E56-94B3-B4C79602F41D}.Debug|Any CPU.Build.0 = Debug|Any CPU
		{760DF8C2-75D5-4E56-94B3-B4C79602F41D}.Debug|x64.ActiveCfg = Debug|Any CPU
		{760DF8C2-75D5-4E56-94B3-B4C79602F41D}.Debug|x64.Build.0 = Debug|Any CPU
		{760DF8C2-75D5-4E56-94B3-B4C79602F41D}.Debug|x86.ActiveCfg = Debug|Any CPU
		{760DF8C2-75D5-4E56-94B3-B4C79602F41D}.Debug|x86.Build.0 = Debug|Any CPU
		{760DF8C2-75D5-4E56-94B3-B4C79602F41D}.Release|Any CPU.ActiveCfg = Release|Any CPU
		{760DF8C2-75D5-4E56-94B3-B4C79602F41D}.Release|Any CPU.Build.0 = Release|Any CPU
		{760DF8C2-75D5-4E56-94B3-B4C79602F41D}.Release|x64.ActiveCfg = Release|Any CPU
		{760DF8C2-75D5-4E56-94B3-B4C79602F41D}.Release|x64.Build.0 = Release|Any CPU
		{760DF8C2-75D5-4E56-94B3-B4C79602F41D}.Release|x86.ActiveCfg = Release|Any CPU
		{760DF8C2-75D5-4E56-94B3-B4C79602F41D}.Release|x86.Build.0 = Release|Any CPU
		{55B5A734-00F2-4F81-959C-C936F58233B1}.Debug|Any CPU.ActiveCfg = Debug|Any CPU
		{55B5A734-00F2-4F81-959C-C936F58233B1}.Debug|Any CPU.Build.0 = Debug|Any CPU
		{55B5A734-00F2-4F81-959C-C936F58233B1}.Debug|x64.ActiveCfg = Debug|Any CPU
		{55B5A734-00F2-4F81-959C-C936F58233B1}.Debug|x64.Build.0 = Debug|Any CPU
		{55B5A734-00F2-4F81-959C-C936F58233B1}.Debug|x86.ActiveCfg = Debug|Any CPU
		{55B5A734-00F2-4F81-959C-C936F58233B1}.Debug|x86.Build.0 = Debug|Any CPU
		{55B5A734-00F2-4F81-959C-C936F58233B1}.Release|Any CPU.ActiveCfg = Release|Any CPU
		{55B5A734-00F2-4F81-959C-C936F58233B1}.Release|Any CPU.Build.0 = Release|Any CPU
		{55B5A734-00F2-4F81-959C-C936F58233B1}.Release|x64.ActiveCfg = Release|Any CPU
		{55B5A734-00F2-4F81-959C-C936F58233B1}.Release|x64.Build.0 = Release|Any CPU
		{55B5A734-00F2-4F81-959C-C936F58233B1}.Release|x86.ActiveCfg = Release|Any CPU
		{55B5A734-00F2-4F81-959C-C936F58233B1}.Release|x86.Build.0 = Release|Any CPU
		{52FA3BA8-B566-4777-AD2B-4CFF96094EC3}.Debug|Any CPU.ActiveCfg = Debug|Any CPU
		{52FA3BA8-B566-4777-AD2B-4CFF96094EC3}.Debug|Any CPU.Build.0 = Debug|Any CPU
		{52FA3BA8-B566-4777-AD2B-4CFF96094EC3}.Debug|x64.ActiveCfg = Debug|Any CPU
		{52FA3BA8-B566-4777-AD2B-4CFF96094EC3}.Debug|x64.Build.0 = Debug|Any CPU
		{52FA3BA8-B566-4777-AD2B-4CFF96094EC3}.Debug|x86.ActiveCfg = Debug|Any CPU
		{52FA3BA8-B566-4777-AD2B-4CFF96094EC3}.Debug|x86.Build.0 = Debug|Any CPU
		{52FA3BA8-B566-4777-AD2B-4CFF96094EC3}.Release|Any CPU.ActiveCfg = Release|Any CPU
		{52FA3BA8-B566-4777-AD2B-4CFF96094EC3}.Release|Any CPU.Build.0 = Release|Any CPU
		{52FA3BA8-B566-4777-AD2B-4CFF96094EC3}.Release|x64.ActiveCfg = Release|Any CPU
		{52FA3BA8-B566-4777-AD2B-4CFF96094EC3}.Release|x64.Build.0 = Release|Any CPU
		{52FA3BA8-B566-4777-AD2B-4CFF96094EC3}.Release|x86.ActiveCfg = Release|Any CPU
		{52FA3BA8-B566-4777-AD2B-4CFF96094EC3}.Release|x86.Build.0 = Release|Any CPU
		{B5CA568A-37B7-4AF8-A524-984C241BE865}.Debug|Any CPU.ActiveCfg = Debug|Any CPU
		{B5CA568A-37B7-4AF8-A524-984C241BE865}.Debug|Any CPU.Build.0 = Debug|Any CPU
		{B5CA568A-37B7-4AF8-A524-984C241BE865}.Debug|x64.ActiveCfg = Debug|Any CPU
		{B5CA568A-37B7-4AF8-A524-984C241BE865}.Debug|x64.Build.0 = Debug|Any CPU
		{B5CA568A-37B7-4AF8-A524-984C241BE865}.Debug|x86.ActiveCfg = Debug|Any CPU
		{B5CA568A-37B7-4AF8-A524-984C241BE865}.Debug|x86.Build.0 = Debug|Any CPU
		{B5CA568A-37B7-4AF8-A524-984C241BE865}.Release|Any CPU.ActiveCfg = Release|Any CPU
		{B5CA568A-37B7-4AF8-A524-984C241BE865}.Release|Any CPU.Build.0 = Release|Any CPU
		{B5CA568A-37B7-4AF8-A524-984C241BE865}.Release|x64.ActiveCfg = Release|Any CPU
		{B5CA568A-37B7-4AF8-A524-984C241BE865}.Release|x64.Build.0 = Release|Any CPU
		{B5CA568A-37B7-4AF8-A524-984C241BE865}.Release|x86.ActiveCfg = Release|Any CPU
		{B5CA568A-37B7-4AF8-A524-984C241BE865}.Release|x86.Build.0 = Release|Any CPU
		{E1462CC6-ABF0-420B-9AFB-42406E78D646}.Debug|Any CPU.ActiveCfg = Debug|Any CPU
		{E1462CC6-ABF0-420B-9AFB-42406E78D646}.Debug|Any CPU.Build.0 = Debug|Any CPU
		{E1462CC6-ABF0-420B-9AFB-42406E78D646}.Debug|x64.ActiveCfg = Debug|Any CPU
		{E1462CC6-ABF0-420B-9AFB-42406E78D646}.Debug|x64.Build.0 = Debug|Any CPU
		{E1462CC6-ABF0-420B-9AFB-42406E78D646}.Debug|x86.ActiveCfg = Debug|Any CPU
		{E1462CC6-ABF0-420B-9AFB-42406E78D646}.Debug|x86.Build.0 = Debug|Any CPU
		{E1462CC6-ABF0-420B-9AFB-42406E78D646}.Release|Any CPU.ActiveCfg = Release|Any CPU
		{E1462CC6-ABF0-420B-9AFB-42406E78D646}.Release|Any CPU.Build.0 = Release|Any CPU
		{E1462CC6-ABF0-420B-9AFB-42406E78D646}.Release|x64.ActiveCfg = Release|Any CPU
		{E1462CC6-ABF0-420B-9AFB-42406E78D646}.Release|x64.Build.0 = Release|Any CPU
		{E1462CC6-ABF0-420B-9AFB-42406E78D646}.Release|x86.ActiveCfg = Release|Any CPU
		{E1462CC6-ABF0-420B-9AFB-42406E78D646}.Release|x86.Build.0 = Release|Any CPU
		{04F93AD1-3132-4D87-98BD-287FBA8EDF43}.Debug|Any CPU.ActiveCfg = Debug|Any CPU
		{04F93AD1-3132-4D87-98BD-287FBA8EDF43}.Debug|Any CPU.Build.0 = Debug|Any CPU
		{04F93AD1-3132-4D87-98BD-287FBA8EDF43}.Debug|x64.ActiveCfg = Debug|Any CPU
		{04F93AD1-3132-4D87-98BD-287FBA8EDF43}.Debug|x64.Build.0 = Debug|Any CPU
		{04F93AD1-3132-4D87-98BD-287FBA8EDF43}.Debug|x86.ActiveCfg = Debug|Any CPU
		{04F93AD1-3132-4D87-98BD-287FBA8EDF43}.Debug|x86.Build.0 = Debug|Any CPU
		{04F93AD1-3132-4D87-98BD-287FBA8EDF43}.Release|Any CPU.ActiveCfg = Release|Any CPU
		{04F93AD1-3132-4D87-98BD-287FBA8EDF43}.Release|Any CPU.Build.0 = Release|Any CPU
		{04F93AD1-3132-4D87-98BD-287FBA8EDF43}.Release|x64.ActiveCfg = Release|Any CPU
		{04F93AD1-3132-4D87-98BD-287FBA8EDF43}.Release|x64.Build.0 = Release|Any CPU
		{04F93AD1-3132-4D87-98BD-287FBA8EDF43}.Release|x86.ActiveCfg = Release|Any CPU
		{04F93AD1-3132-4D87-98BD-287FBA8EDF43}.Release|x86.Build.0 = Release|Any CPU
		{0D893F87-A75C-41A0-89E9-3EBA094524A4}.Debug|Any CPU.ActiveCfg = Debug|Any CPU
		{0D893F87-A75C-41A0-89E9-3EBA094524A4}.Debug|Any CPU.Build.0 = Debug|Any CPU
		{0D893F87-A75C-41A0-89E9-3EBA094524A4}.Debug|x64.ActiveCfg = Debug|Any CPU
		{0D893F87-A75C-41A0-89E9-3EBA094524A4}.Debug|x64.Build.0 = Debug|Any CPU
		{0D893F87-A75C-41A0-89E9-3EBA094524A4}.Debug|x86.ActiveCfg = Debug|Any CPU
		{0D893F87-A75C-41A0-89E9-3EBA094524A4}.Debug|x86.Build.0 = Debug|Any CPU
		{0D893F87-A75C-41A0-89E9-3EBA094524A4}.Release|Any CPU.ActiveCfg = Release|Any CPU
		{0D893F87-A75C-41A0-89E9-3EBA094524A4}.Release|Any CPU.Build.0 = Release|Any CPU
		{0D893F87-A75C-41A0-89E9-3EBA094524A4}.Release|x64.ActiveCfg = Release|Any CPU
		{0D893F87-A75C-41A0-89E9-3EBA094524A4}.Release|x64.Build.0 = Release|Any CPU
		{0D893F87-A75C-41A0-89E9-3EBA094524A4}.Release|x86.ActiveCfg = Release|Any CPU
		{0D893F87-A75C-41A0-89E9-3EBA094524A4}.Release|x86.Build.0 = Release|Any CPU
		{FC32D2EC-3E51-4AE2-A549-EA0464F6FD20}.Debug|Any CPU.ActiveCfg = Debug|Any CPU
		{FC32D2EC-3E51-4AE2-A549-EA0464F6FD20}.Debug|Any CPU.Build.0 = Debug|Any CPU
		{FC32D2EC-3E51-4AE2-A549-EA0464F6FD20}.Debug|x64.ActiveCfg = Debug|Any CPU
		{FC32D2EC-3E51-4AE2-A549-EA0464F6FD20}.Debug|x64.Build.0 = Debug|Any CPU
		{FC32D2EC-3E51-4AE2-A549-EA0464F6FD20}.Debug|x86.ActiveCfg = Debug|Any CPU
		{FC32D2EC-3E51-4AE2-A549-EA0464F6FD20}.Debug|x86.Build.0 = Debug|Any CPU
		{FC32D2EC-3E51-4AE2-A549-EA0464F6FD20}.Release|Any CPU.ActiveCfg = Release|Any CPU
		{FC32D2EC-3E51-4AE2-A549-EA0464F6FD20}.Release|Any CPU.Build.0 = Release|Any CPU
		{FC32D2EC-3E51-4AE2-A549-EA0464F6FD20}.Release|x64.ActiveCfg = Release|Any CPU
		{FC32D2EC-3E51-4AE2-A549-EA0464F6FD20}.Release|x64.Build.0 = Release|Any CPU
		{FC32D2EC-3E51-4AE2-A549-EA0464F6FD20}.Release|x86.ActiveCfg = Release|Any CPU
		{FC32D2EC-3E51-4AE2-A549-EA0464F6FD20}.Release|x86.Build.0 = Release|Any CPU
		{773E744E-847F-4CE0-A467-88C05C556746}.Debug|Any CPU.ActiveCfg = Debug|Any CPU
		{773E744E-847F-4CE0-A467-88C05C556746}.Debug|Any CPU.Build.0 = Debug|Any CPU
		{773E744E-847F-4CE0-A467-88C05C556746}.Debug|x64.ActiveCfg = Debug|Any CPU
		{773E744E-847F-4CE0-A467-88C05C556746}.Debug|x64.Build.0 = Debug|Any CPU
		{773E744E-847F-4CE0-A467-88C05C556746}.Debug|x86.ActiveCfg = Debug|Any CPU
		{773E744E-847F-4CE0-A467-88C05C556746}.Debug|x86.Build.0 = Debug|Any CPU
		{773E744E-847F-4CE0-A467-88C05C556746}.Release|Any CPU.ActiveCfg = Release|Any CPU
		{773E744E-847F-4CE0-A467-88C05C556746}.Release|Any CPU.Build.0 = Release|Any CPU
		{773E744E-847F-4CE0-A467-88C05C556746}.Release|x64.ActiveCfg = Release|Any CPU
		{773E744E-847F-4CE0-A467-88C05C556746}.Release|x64.Build.0 = Release|Any CPU
		{773E744E-847F-4CE0-A467-88C05C556746}.Release|x86.ActiveCfg = Release|Any CPU
		{773E744E-847F-4CE0-A467-88C05C556746}.Release|x86.Build.0 = Release|Any CPU
		{4D1B0C32-33CB-49FB-8260-E77C10AA56A8}.Debug|Any CPU.ActiveCfg = Debug|Any CPU
		{4D1B0C32-33CB-49FB-8260-E77C10AA56A8}.Debug|Any CPU.Build.0 = Debug|Any CPU
		{4D1B0C32-33CB-49FB-8260-E77C10AA56A8}.Debug|x64.ActiveCfg = Debug|Any CPU
		{4D1B0C32-33CB-49FB-8260-E77C10AA56A8}.Debug|x64.Build.0 = Debug|Any CPU
		{4D1B0C32-33CB-49FB-8260-E77C10AA56A8}.Debug|x86.ActiveCfg = Debug|Any CPU
		{4D1B0C32-33CB-49FB-8260-E77C10AA56A8}.Debug|x86.Build.0 = Debug|Any CPU
		{4D1B0C32-33CB-49FB-8260-E77C10AA56A8}.Release|Any CPU.ActiveCfg = Release|Any CPU
		{4D1B0C32-33CB-49FB-8260-E77C10AA56A8}.Release|Any CPU.Build.0 = Release|Any CPU
		{4D1B0C32-33CB-49FB-8260-E77C10AA56A8}.Release|x64.ActiveCfg = Release|Any CPU
		{4D1B0C32-33CB-49FB-8260-E77C10AA56A8}.Release|x64.Build.0 = Release|Any CPU
		{4D1B0C32-33CB-49FB-8260-E77C10AA56A8}.Release|x86.ActiveCfg = Release|Any CPU
		{4D1B0C32-33CB-49FB-8260-E77C10AA56A8}.Release|x86.Build.0 = Release|Any CPU
	EndGlobalSection
	GlobalSection(SolutionProperties) = preSolution
		HideSolutionNode = FALSE
	EndGlobalSection
	GlobalSection(ExtensibilityGlobals) = postSolution
		SolutionGuid = {B655622E-E997-4074-84A9-DE37337F97B7}
	EndGlobalSection
EndGlobal
